
Microsoft Visual Studio Solution File, Format Version 12.00
# Visual Studio 15
VisualStudioVersion = 15.0.26730.16
MinimumVisualStudioVersion = 10.0.40219.1
Project("{FAE04EC0-301F-11D3-BF4B-00C04F79EFBC}") = "MyUALife", "MyUALife\MyUALife.csproj", "{93566BE0-B6F2-4A1E-A117-AF745A55525F}"
EndProject
Project("{FAE04EC0-301F-11D3-BF4B-00C04F79EFBC}") = "MyUALifeTests", "MyUALifeTests\MyUALifeTests.csproj", "{762CC1EB-43BE-4F1C-A2C8-71AA39BE7156}"
EndProject
Global
	GlobalSection(SolutionConfigurationPlatforms) = preSolution
		Debug|Any CPU = Debug|Any CPU
		Release|Any CPU = Release|Any CPU
	EndGlobalSection
	GlobalSection(ProjectConfigurationPlatforms) = postSolution
		{93566BE0-B6F2-4A1E-A117-AF745A55525F}.Debug|Any CPU.ActiveCfg = Debug|Any CPU
		{93566BE0-B6F2-4A1E-A117-AF745A55525F}.Debug|Any CPU.Build.0 = Debug|Any CPU
		{93566BE0-B6F2-4A1E-A117-AF745A55525F}.Debug|Any CPU.Deploy.0 = Debug|Any CPU
		{93566BE0-B6F2-4A1E-A117-AF745A55525F}.Release|Any CPU.ActiveCfg = Release|Any CPU
		{93566BE0-B6F2-4A1E-A117-AF745A55525F}.Release|Any CPU.Build.0 = Release|Any CPU
		{93566BE0-B6F2-4A1E-A117-AF745A55525F}.Release|Any CPU.Deploy.0 = Release|Any CPU
		{762CC1EB-43BE-4F1C-A2C8-71AA39BE7156}.Debug|Any CPU.ActiveCfg = Debug|Any CPU
		{762CC1EB-43BE-4F1C-A2C8-71AA39BE7156}.Debug|Any CPU.Build.0 = Debug|Any CPU
		{762CC1EB-43BE-4F1C-A2C8-71AA39BE7156}.Release|Any CPU.ActiveCfg = Release|Any CPU
		{762CC1EB-43BE-4F1C-A2C8-71AA39BE7156}.Release|Any CPU.Build.0 = Release|Any CPU
	EndGlobalSection
	GlobalSection(SolutionProperties) = preSolution
		HideSolutionNode = FALSE
	EndGlobalSection
	GlobalSection(ExtensibilityGlobals) = postSolution
		SolutionGuid = {97F985FB-A93D-4682-994A-01619AB3B5C8}
	EndGlobalSection
EndGlobal
